
Microsoft Visual Studio Solution File, Format Version 12.00
# Visual Studio Version 16
VisualStudioVersion = 16.0.34601.136
MinimumVisualStudioVersion = 10.0.40219.1
Project("{FAE04EC0-301F-11D3-BF4B-00C04F79EFBC}") = "DifColl.Server", "DifColl.Server\DifColl.Server.csproj", "{5856F5B9-C4D1-4DE0-BFFD-153B50A3A1D4}"
EndProject
Project("{54A90642-561A-4BB1-A94E-469ADEE60C69}") = "difcoll.client", "difcoll.client\difcoll.client.esproj", "{7DD81E77-9E1A-4A56-9B14-C7C4A7C92033}"
EndProject
Global
	GlobalSection(SolutionConfigurationPlatforms) = preSolution
		Debug|Any CPU = Debug|Any CPU
		Release|Any CPU = Release|Any CPU
	EndGlobalSection
	GlobalSection(ProjectConfigurationPlatforms) = postSolution
		{5856F5B9-C4D1-4DE0-BFFD-153B50A3A1D4}.Debug|Any CPU.ActiveCfg = Debug|Any CPU
		{5856F5B9-C4D1-4DE0-BFFD-153B50A3A1D4}.Debug|Any CPU.Build.0 = Debug|Any CPU
		{5856F5B9-C4D1-4DE0-BFFD-153B50A3A1D4}.Release|Any CPU.ActiveCfg = Release|Any CPU
		{5856F5B9-C4D1-4DE0-BFFD-153B50A3A1D4}.Release|Any CPU.Build.0 = Release|Any CPU
		{7DD81E77-9E1A-4A56-9B14-C7C4A7C92033}.Debug|Any CPU.ActiveCfg = Debug|Any CPU
		{7DD81E77-9E1A-4A56-9B14-C7C4A7C92033}.Debug|Any CPU.Build.0 = Debug|Any CPU
		{7DD81E77-9E1A-4A56-9B14-C7C4A7C92033}.Debug|Any CPU.Deploy.0 = Debug|Any CPU
		{7DD81E77-9E1A-4A56-9B14-C7C4A7C92033}.Release|Any CPU.ActiveCfg = Release|Any CPU
		{7DD81E77-9E1A-4A56-9B14-C7C4A7C92033}.Release|Any CPU.Build.0 = Release|Any CPU
		{7DD81E77-9E1A-4A56-9B14-C7C4A7C92033}.Release|Any CPU.Deploy.0 = Release|Any CPU
	EndGlobalSection
	GlobalSection(SolutionProperties) = preSolution
		HideSolutionNode = FALSE
	EndGlobalSection
	GlobalSection(ExtensibilityGlobals) = postSolution
		SolutionGuid = {6A414974-E40A-4DB6-9BE1-0A467D27E71E}
	EndGlobalSection
EndGlobal
